{
    "_meta": {
        "hash": {
            "sha256": "0d137aa4218bcf5b8acb223badb921942beb8aee1466fa3b826faf5a621fb900"
        },
        "pipfile-spec": 6,
        "requires": {
            "python_version": "3.9"
        },
        "sources": [
            {
                "name": "pypi",
                "url": "https://pypi.org/simple",
                "verify_ssl": true
            }
        ]
    },
    "default": {
        "comtypes": {
            "hashes": [
                "sha256:a9929e4bea8f874adc7c370e58a553aa91a4c08cecd58a0fdcf7ff5238af14e5"
            ],
            "markers": "platform_system == 'Windows'",
            "version": "==1.1.10"
        },
        "pymupdf": {
            "hashes": [
                "sha256:03878ff8bb343516e9580930c233105e0a69bbeaebddcb3dcc281ffb8c0944ca",
                "sha256:125783986da87fe1a5372d621e90fa49e454454af0b3d0f894858c146c712f81",
                "sha256:17f1b8ff934d02ffc3dfb6af4ce0d1545a722eff180aa675e17ff7ac40b731f9",
                "sha256:196cfb75eb17271b62f59eacc769710e55c5a4277c455520851db0db9c3b381b",
                "sha256:42c9188e39ee33b207a810d1f9ff635a8247d9e64b8af432ef36b9696763f8eb",
                "sha256:4e19dfb82d247027757fb75d5fb73d8ce430930a0c7d2f492913aefd1875345c",
                "sha256:5046b479a44c55423df0c746cd4d858bd244c85cdfaf46e7fd4298ba7f586365",
                "sha256:5b347655a948c6a9d2d66a0d1e651f9888ce6e2915ee6a2e60498a0c735b5330",
                "sha256:65647d992bcc77b52d808c40a08b6b98a6012371ffef9c764a34bb0580b3abcf",
                "sha256:656a7bec93bc89feabb4c34d3c7c8ef18335837870a2ae4b4bcb91eff9d6ce10",
                "sha256:6ee61379f001f7bc892afefae886d07d49320d9641eeeb40dcc936903addeb4d",
                "sha256:910d4159698adcd7783a5fcde17079bb295abc2d3d604ccb8ed257a24b4e7dbf",
                "sha256:9abd78c614455d0695fbcff693a85cc906b8fcbaa24fb576182b20a87db2eddd",
                "sha256:aca2f2f94bda157a0365230fe11dcf1b9f6ab592943cc7534d92389f1058cd86",
                "sha256:b33c5a68a4bcfe8f948127aad61f25e172d6851993235f46cc395b2038c2eb84",
                "sha256:c126efda315be900ecf194b3d04b93cc211db8fa6c3b31af482d6c5aac2c5b66",
                "sha256:c9ee5f4f413ac3675835426ee182aa7c68774c11ce9f9f61f65f7f34d810ce38",
                "sha256:eeccac87ab19127ef6f15caa3b12fdf02e944864816844b456b5856582056873",
                "sha256:f140acdecdc3a6cbc6987eda3f1df9a5c8d85b0c1044f4132fde4813acbd905a"
            ],
            "index": "pypi",
            "version": "==1.19.4"
        },
        "pypiwin32": {
            "hashes": [
                "sha256:67adf399debc1d5d14dffc1ab5acacb800da569754fafdc576b2a039485aa775",
                "sha256:71be40c1fbd28594214ecaecb58e7aa8b708eabfa0125c8a109ebd51edbd776a"
            ],
            "markers": "platform_system == 'Windows'",
            "version": "==223"
        },
        "pyttsx3": {
            "hashes": [
                "sha256:a585b6d8cffc19bd92db1e0ccbd8aa9c6528dd2baa5a47045d6fed542a44aa19"
            ],
            "index": "pypi",
            "version": "==2.90"
        },
        "pywin32": {
            "hashes": [
                "sha256:2a09632916b6bb231ba49983fe989f2f625cea237219530e81a69239cd0c4559",
                "sha256:51cb52c5ec6709f96c3f26e7795b0bf169ee0d8395b2c1d7eb2c029a5008ed51",
                "sha256:5f9ec054f5a46a0f4dfd72af2ce1372f3d5a6e4052af20b858aa7df2df7d355b",
                "sha256:6fed4af057039f309263fd3285d7b8042d41507343cd5fa781d98fcc5b90e8bb",
                "sha256:793bf74fce164bcffd9d57bb13c2c15d56e43c9542a7b9687b4fccf8f8a41aba",
                "sha256:79cbb862c11b9af19bcb682891c1b91942ec2ff7de8151e2aea2e175899cda34",
                "sha256:7d3271c98434617a11921c5ccf74615794d97b079e22ed7773790822735cc352",
                "sha256:aad484d52ec58008ca36bd4ad14a71d7dd0a99db1a4ca71072213f63bf49c7d9",
                "sha256:b1675d82bcf6dbc96363fca747bac8bff6f6e4a447a4287ac652aa4b9adc796e",
                "sha256:c268040769b48a13367221fced6d4232ed52f044ffafeda247bd9d2c6bdc29ca",
                "sha256:d9b5d87ca944eb3aa4cd45516203ead4b37ab06b8b777c54aedc35975dec0dee",
                "sha256:fcf44032f5b14fcda86028cdf49b6ebdaea091230eb0a757282aa656e4732439"
            ],
            "markers": "platform_system == 'Windows'",
            "version": "==303"
        }
    },
    "develop": {}
}
